{
  "name": "shell-it",
  "version": "0.4.0",
  "lockfileVersion": 1,
  "requires": true,
  "dependencies": {
    "atom-select-list": {
      "version": "0.7.1",
      "resolved": "https://registry.npmjs.org/atom-select-list/-/atom-select-list-0.7.1.tgz",
      "integrity": "sha1-wXk7fUZm3dongrTAu2oH99EZf+M=",
      "requires": {
        "etch": "^0.12.6",
        "fuzzaldrin": "^2.1.0"
      }
    },
    "etch": {
      "version": "0.12.8",
      "resolved": "https://registry.npmjs.org/etch/-/etch-0.12.8.tgz",
      "integrity": "sha1-wkvJvTphSPYiBM6GQ9Lombnsud4="
    },
    "fuzzaldrin": {
      "version": "2.1.0",
      "resolved": "https://registry.npmjs.org/fuzzaldrin/-/fuzzaldrin-2.1.0.tgz",
      "integrity": "sha1-kCBMPi/appQbso0WZF1BgGOpDps="
    }
  }
}
